lockfileVersion: '6.0'

settings:
  autoInstallPeers: true
  excludeLinksFromLockfile: false

dependencies:
  phoenix:
    specifier: ~1.7.11
    version: 1.7.12

devDependencies:
  '@types/phoenix':
    specifier: ~1.6.4
    version: 1.6.4
  typescript:
    specifier: 5.2.2
    version: 5.2.2

packages:

  /@types/phoenix@1.6.4:
    resolution: {integrity: sha512-B34A7uot1Cv0XtaHRYDATltAdKx0BvVKNgYNqE4WjtPUa4VQJM7kxeXcVKaH+KS+kCmZ+6w+QaUdcljiheiBJA==}
    dev: true

  /phoenix@1.7.12:
    resolution: {integrity: sha512-jo8sK7mVYTFSa5FITmL/1lAbARIJMcEMJrMPZtUdss1zE37VZBnCowpakH8sEzH0ezs+hIaXSyYPCwlzrvph+g==}
    dev: false

  /typescript@5.2.2:
    resolution: {integrity: sha512-mI4WrpHsbCIcwT9cF4FZvr80QUeKvsUsUvKDoR+X/7XHQH98xYD8YHZg7ANtz2GtZt/CBq2QJ0thkGJMHfqc1w==}
    engines: {node: '>=14.17'}
    hasBin: true
    dev: true
