lockfileVersion: '6.0'

settings:
  autoInstallPeers: true
  excludeLinksFromLockfile: false

dependencies:
  phoenix:
    specifier: ~1.7.11
    version: 1.7.11

devDependencies:
  '@types/phoenix':
    specifier: ~1.6.4
    version: 1.6.4

packages:

  /@types/phoenix@1.6.4:
    resolution: {integrity: sha512-B34A7uot1Cv0XtaHRYDATltAdKx0BvVKNgYNqE4WjtPUa4VQJM7kxeXcVKaH+KS+kCmZ+6w+QaUdcljiheiBJA==}
    dev: true

  /phoenix@1.7.11:
    resolution: {integrity: sha512-aeikMR/Qh6gAygY45d5p/B7srqH60h0GbCIauEAStAtRUq4hvlkzDTyDj1NJidJEV9IKFhZe7f9L+zosUJdF/g==}
    dev: false
